// !$*UTF8*$!
{
	archiveVersion = 1;
	classes = {
	};
	objectVersion = 55;
	objects = {

/* Begin PBXBuildFile section */
		DB14978B27FFF01E0009A5AC /* main.cpp in Sources */ = {isa = PBXBuildFile; fileRef = DB14978A27FFF01E0009A5AC /* main.cpp */; };
		DB14979627FFF0250009A5AC /* main.cpp in Sources */ = {isa = PBXBuildFile; fileRef = DB14979527FFF0240009A5AC /* main.cpp */; };
		DB1497A127FFF0330009A5AC /* main.cpp in Sources */ = {isa = PBXBuildFile; fileRef = DB1497A027FFF0330009A5AC /* main.cpp */; };
		DB1497AC27FFF0440009A5AC /* main.cpp in Sources */ = {isa = PBXBuildFile; fileRef = DB1497AB27FFF0440009A5AC /* main.cpp */; };
		DB1497B727FFF04C0009A5AC /* main.cpp in Sources */ = {isa = PBXBuildFile; fileRef = DB1497B627FFF04C0009A5AC /* main.cpp */; };
		DB1497BB27FFF08A0009A5AC /* GLUT.framework in Frameworks */ = {isa = PBXBuildFile; fileRef = DBD8773527FFE8A800FE0710 /* GLUT.framework */; };
		DB1497BC27FFF08F0009A5AC /* OpenGL.framework in Frameworks */ = {isa = PBXBuildFile; fileRef = DBD8773727FFE8AF00FE0710 /* OpenGL.framework */; };
		DB1497BD27FFF0940009A5AC /* OpenGL.framework in Frameworks */ = {isa = PBXBuildFile; fileRef = DBD8773727FFE8AF00FE0710 /* OpenGL.framework */; };
		DB1497BE27FFF0990009A5AC /* GLUT.framework in Frameworks */ = {isa = PBXBuildFile; fileRef = DBD8773527FFE8A800FE0710 /* GLUT.framework */; };
		DB1497BF27FFF38F0009A5AC /* OpenGL.framework in Frameworks */ = {isa = PBXBuildFile; fileRef = DBD8773727FFE8AF00FE0710 /* OpenGL.framework */; };
		DB1497C027FFF3940009A5AC /* GLUT.framework in Frameworks */ = {isa = PBXBuildFile; fileRef = DBD8773527FFE8A800FE0710 /* GLUT.framework */; };
		DB1497C127FFF3990009A5AC /* OpenGL.framework in Frameworks */ = {isa = PBXBuildFile; fileRef = DBD8773727FFE8AF00FE0710 /* OpenGL.framework */; };
		DB1497C227FFF39F0009A5AC /* GLUT.framework in Frameworks */ = {isa = PBXBuildFile; fileRef = DBD8773527FFE8A800FE0710 /* GLUT.framework */; };
		DBD8772E27FFE89000FE0710 /* main.cpp in Sources */ = {isa = PBXBuildFile; fileRef = DBD8772D27FFE89000FE0710 /* main.cpp */; };
		DBD8773627FFE8A800FE0710 /* GLUT.framework in Frameworks */ = {isa = PBXBuildFile; fileRef = DBD8773527FFE8A800FE0710 /* GLUT.framework */; };
		DBD8773827FFE8AF00FE0710 /* OpenGL.framework in Frameworks */ = {isa = PBXBuildFile; fileRef = DBD8773727FFE8AF00FE0710 /* OpenGL.framework */; };
		DBE3FE69280019A300FDFE38 /* OpenGL.framework in Frameworks */ = {isa = PBXBuildFile; fileRef = DBD8773727FFE8AF00FE0710 /* OpenGL.framework */; };
		DBE3FE6A280019AA00FDFE38 /* GLUT.framework in Frameworks */ = {isa = PBXBuildFile; fileRef = DBD8773527FFE8A800FE0710 /* GLUT.framework */; };
/* End PBXBuildFile section */

/* Begin PBXCopyFilesBuildPhase section */
		DB14978627FFF01E0009A5AC /* CopyFiles */ = {
			isa = PBXCopyFilesBuildPhase;
			buildActionMask = 2147483647;
			dstPath = /usr/share/man/man1/;
			dstSubfolderSpec = 0;
			files = (
			);
			runOnlyForDeploymentPostprocessing = 1;
		};
		DB14979127FFF0240009A5AC /* CopyFiles */ = {
			isa = PBXCopyFilesBuildPhase;
			buildActionMask = 2147483647;
			dstPath = /usr/share/man/man1/;
			dstSubfolderSpec = 0;
			files = (
			);
			runOnlyForDeploymentPostprocessing = 1;
		};
		DB14979C27FFF0330009A5AC /* CopyFiles */ = {
			isa = PBXCopyFilesBuildPhase;
			buildActionMask = 2147483647;
			dstPath = /usr/share/man/man1/;
			dstSubfolderSpec = 0;
			files = (
			);
			runOnlyForDeploymentPostprocessing = 1;
		};
		DB1497A727FFF0440009A5AC /* CopyFiles */ = {
			isa = PBXCopyFilesBuildPhase;
			buildActionMask = 2147483647;
			dstPath = /usr/share/man/man1/;
			dstSubfolderSpec = 0;
			files = (
			);
			runOnlyForDeploymentPostprocessing = 1;
		};
		DB1497B227FFF04C0009A5AC /* CopyFiles */ = {
			isa = PBXCopyFilesBuildPhase;
			buildActionMask = 2147483647;
			dstPath = /usr/share/man/man1/;
			dstSubfolderSpec = 0;
			files = (
			);
			runOnlyForDeploymentPostprocessing = 1;
		};
		DBD8772827FFE89000FE0710 /* CopyFiles */ = {
			isa = PBXCopyFilesBuildPhase;
			buildActionMask = 2147483647;
			dstPath = /usr/share/man/man1/;
			dstSubfolderSpec = 0;
			files = (
			);
			runOnlyForDeploymentPostprocessing = 1;
		};
/* End PBXCopyFilesBuildPhase section */

/* Begin PBXFileReference section */
		DB14978827FFF01E0009A5AC /* P1 */ = {isa = PBXFileReference; explicitFileType = "compiled.mach-o.executable"; includeInIndex = 0; path = P1; sourceTree = BUILT_PRODUCTS_DIR; };
		DB14978A27FFF01E0009A5AC /* main.cpp */ = {isa = PBXFileReference; lastKnownFileType = sourcecode.cpp.cpp; path = main.cpp; sourceTree = "<group>"; };
		DB14979327FFF0240009A5AC /* P2 */ = {isa = PBXFileReference; explicitFileType = "compiled.mach-o.executable"; includeInIndex = 0; path = P2; sourceTree = BUILT_PRODUCTS_DIR; };
		DB14979527FFF0240009A5AC /* main.cpp */ = {isa = PBXFileReference; lastKnownFileType = sourcecode.cpp.cpp; path = main.cpp; sourceTree = "<group>"; };
		DB14979E27FFF0330009A5AC /* P3 */ = {isa = PBXFileReference; explicitFileType = "compiled.mach-o.executable"; includeInIndex = 0; path = P3; sourceTree = BUILT_PRODUCTS_DIR; };
		DB1497A027FFF0330009A5AC /* main.cpp */ = {isa = PBXFileReference; lastKnownFileType = sourcecode.cpp.cpp; path = main.cpp; sourceTree = "<group>"; };
		DB1497A927FFF0440009A5AC /* P4 */ = {isa = PBXFileReference; explicitFileType = "compiled.mach-o.executable"; includeInIndex = 0; path = P4; sourceTree = BUILT_PRODUCTS_DIR; };
		DB1497AB27FFF0440009A5AC /* main.cpp */ = {isa = PBXFileReference; lastKnownFileType = sourcecode.cpp.cpp; path = main.cpp; sourceTree = "<group>"; };
		DB1497B427FFF04C0009A5AC /* P5 */ = {isa = PBXFileReference; explicitFileType = "compiled.mach-o.executable"; includeInIndex = 0; path = P5; sourceTree = BUILT_PRODUCTS_DIR; };
		DB1497B627FFF04C0009A5AC /* main.cpp */ = {isa = PBXFileReference; lastKnownFileType = sourcecode.cpp.cpp; path = main.cpp; sourceTree = "<group>"; };
		DBD8772A27FFE89000FE0710 /* CSS221_Lab10_6322773837 */ = {isa = PBXFileReference; explicitFileType = "compiled.mach-o.executable"; includeInIndex = 0; path = CSS221_Lab10_6322773837; sourceTree = BUILT_PRODUCTS_DIR; };
		DBD8772D27FFE89000FE0710 /* main.cpp */ = {isa = PBXFileReference; lastKnownFileType = sourcecode.cpp.cpp; path = main.cpp; sourceTree = "<group>"; };
		DBD8773527FFE8A800FE0710 /* GLUT.framework */ = {isa = PBXFileReference; lastKnownFileType = wrapper.framework; name = GLUT.framework; path = System/Library/Frameworks/GLUT.framework; sourceTree = SDKROOT; };
		DBD8773727FFE8AF00FE0710 /* OpenGL.framework */ = {isa = PBXFileReference; lastKnownFileType = wrapper.framework; name = OpenGL.framework; path = System/Library/Frameworks/OpenGL.framework; sourceTree = SDKROOT; };
/* End PBXFileReference section */

/* Begin PBXFrameworksBuildPhase section */
		DB14978527FFF01E0009A5AC /* Frameworks */ = {
			isa = PBXFrameworksBuildPhase;
			buildActionMask = 2147483647;
			files = (
				DB1497BC27FFF08F0009A5AC /* OpenGL.framework in Frameworks */,
				DB1497BB27FFF08A0009A5AC /* GLUT.framework in Frameworks */,
			);
			runOnlyForDeploymentPostprocessing = 0;
		};
		DB14979027FFF0240009A5AC /* Frameworks */ = {
			isa = PBXFrameworksBuildPhase;
			buildActionMask = 2147483647;
			files = (
				DB1497C227FFF39F0009A5AC /* GLUT.framework in Frameworks */,
				DB1497C127FFF3990009A5AC /* OpenGL.framework in Frameworks */,
			);
			runOnlyForDeploymentPostprocessing = 0;
		};
		DB14979B27FFF0330009A5AC /* Frameworks */ = {
			isa = PBXFrameworksBuildPhase;
			buildActionMask = 2147483647;
			files = (
				DB1497C027FFF3940009A5AC /* GLUT.framework in Frameworks */,
				DB1497BF27FFF38F0009A5AC /* OpenGL.framework in Frameworks */,
			);
			runOnlyForDeploymentPostprocessing = 0;
		};
		DB1497A627FFF0440009A5AC /* Frameworks */ = {
			isa = PBXFrameworksBuildPhase;
			buildActionMask = 2147483647;
			files = (
				DB1497BE27FFF0990009A5AC /* GLUT.framework in Frameworks */,
				DB1497BD27FFF0940009A5AC /* OpenGL.framework in Frameworks */,
			);
			runOnlyForDeploymentPostprocessing = 0;
		};
		DB1497B127FFF04C0009A5AC /* Frameworks */ = {
			isa = PBXFrameworksBuildPhase;
			buildActionMask = 2147483647;
			files = (
				DBE3FE6A280019AA00FDFE38 /* GLUT.framework in Frameworks */,
				DBE3FE69280019A300FDFE38 /* OpenGL.framework in Frameworks */,
			);
			runOnlyForDeploymentPostprocessing = 0;
		};
		DBD8772727FFE89000FE0710 /* Frameworks */ = {
			isa = PBXFrameworksBuildPhase;
			buildActionMask = 2147483647;
			files = (
				DBD8773827FFE8AF00FE0710 /* OpenGL.framework in Frameworks */,
				DBD8773627FFE8A800FE0710 /* GLUT.framework in Frameworks */,
			);
			runOnlyForDeploymentPostprocessing = 0;
		};
/* End PBXFrameworksBuildPhase section */

/* Begin PBXGroup section */
		DB14978927FFF01E0009A5AC /* P1 */ = {
			isa = PBXGroup;
			children = (
				DB14978A27FFF01E0009A5AC /* main.cpp */,
			);
			path = P1;
			sourceTree = "<group>";
		};
		DB14979427FFF0240009A5AC /* P2 */ = {
			isa = PBXGroup;
			children = (
				DB14979527FFF0240009A5AC /* main.cpp */,
			);
			path = P2;
			sourceTree = "<group>";
		};
		DB14979F27FFF0330009A5AC /* P3 */ = {
			isa = PBXGroup;
			children = (
				DB1497A027FFF0330009A5AC /* main.cpp */,
			);
			path = P3;
			sourceTree = "<group>";
		};
		DB1497AA27FFF0440009A5AC /* P4 */ = {
			isa = PBXGroup;
			children = (
				DB1497AB27FFF0440009A5AC /* main.cpp */,
			);
			path = P4;
			sourceTree = "<group>";
		};
		DB1497B527FFF04C0009A5AC /* P5 */ = {
			isa = PBXGroup;
			children = (
				DB1497B627FFF04C0009A5AC /* main.cpp */,
			);
			path = P5;
			sourceTree = "<group>";
		};
		DBD8772127FFE89000FE0710 = {
			isa = PBXGroup;
			children = (
				DBD8772C27FFE89000FE0710 /* CSS221_Lab10_6322773837 */,
				DB14978927FFF01E0009A5AC /* P1 */,
				DB14979427FFF0240009A5AC /* P2 */,
				DB14979F27FFF0330009A5AC /* P3 */,
				DB1497AA27FFF0440009A5AC /* P4 */,
				DB1497B527FFF04C0009A5AC /* P5 */,
				DBD8772B27FFE89000FE0710 /* Products */,
				DBD8773427FFE8A800FE0710 /* Frameworks */,
			);
			sourceTree = "<group>";
		};
		DBD8772B27FFE89000FE0710 /* Products */ = {
			isa = PBXGroup;
			children = (
				DBD8772A27FFE89000FE0710 /* CSS221_Lab10_6322773837 */,
				DB14978827FFF01E0009A5AC /* P1 */,
				DB14979327FFF0240009A5AC /* P2 */,
				DB14979E27FFF0330009A5AC /* P3 */,
				DB1497A927FFF0440009A5AC /* P4 */,
				DB1497B427FFF04C0009A5AC /* P5 */,
			);
			name = Products;
			sourceTree = "<group>";
		};
		DBD8772C27FFE89000FE0710 /* CSS221_Lab10_6322773837 */ = {
			isa = PBXGroup;
			children = (
				DBD8772D27FFE89000FE0710 /* main.cpp */,
			);
			path = CSS221_Lab10_6322773837;
			sourceTree = "<group>";
		};
		DBD8773427FFE8A800FE0710 /* Frameworks */ = {
			isa = PBXGroup;
			children = (
				DBD8773727FFE8AF00FE0710 /* OpenGL.framework */,
				DBD8773527FFE8A800FE0710 /* GLUT.framework */,
			);
			name = Frameworks;
			sourceTree = "<group>";
		};
/* End PBXGroup section */

/* Begin PBXNativeTarget section */
		DB14978727FFF01E0009A5AC /* P1 */ = {
			isa = PBXNativeTarget;
			buildConfigurationList = DB14978E27FFF01E0009A5AC /* Build configuration list for PBXNativeTarget "P1" */;
			buildPhases = (
				DB14978427FFF01E0009A5AC /* Sources */,
				DB14978527FFF01E0009A5AC /* Frameworks */,
				DB14978627FFF01E0009A5AC /* CopyFiles */,
			);
			buildRules = (
			);
			dependencies = (
			);
			name = P1;
			productName = P1;
			productReference = DB14978827FFF01E0009A5AC /* P1 */;
			productType = "com.apple.product-type.tool";
		};
		DB14979227FFF0240009A5AC /* P2 */ = {
			isa = PBXNativeTarget;
			buildConfigurationList = DB14979727FFF0250009A5AC /* Build configuration list for PBXNativeTarget "P2" */;
			buildPhases = (
				DB14978F27FFF0240009A5AC /* Sources */,
				DB14979027FFF0240009A5AC /* Frameworks */,
				DB14979127FFF0240009A5AC /* CopyFiles */,
			);
			buildRules = (
			);
			dependencies = (
			);
			name = P2;
			productName = P2;
			productReference = DB14979327FFF0240009A5AC /* P2 */;
			productType = "com.apple.product-type.tool";
		};
		DB14979D27FFF0330009A5AC /* P3 */ = {
			isa = PBXNativeTarget;
			buildConfigurationList = DB1497A227FFF0330009A5AC /* Build configuration list for PBXNativeTarget "P3" */;
			buildPhases = (
				DB14979A27FFF0330009A5AC /* Sources */,
				DB14979B27FFF0330009A5AC /* Frameworks */,
				DB14979C27FFF0330009A5AC /* CopyFiles */,
			);
			buildRules = (
			);
			dependencies = (
			);
			name = P3;
			productName = P3;
			productReference = DB14979E27FFF0330009A5AC /* P3 */;
			productType = "com.apple.product-type.tool";
		};
		DB1497A827FFF0440009A5AC /* P4 */ = {
			isa = PBXNativeTarget;
			buildConfigurationList = DB1497AD27FFF0440009A5AC /* Build configuration list for PBXNativeTarget "P4" */;
			buildPhases = (
				DB1497A527FFF0440009A5AC /* Sources */,
				DB1497A627FFF0440009A5AC /* Frameworks */,
				DB1497A727FFF0440009A5AC /* CopyFiles */,
			);
			buildRules = (
			);
			dependencies = (
			);
			name = P4;
			productName = P4;
			productReference = DB1497A927FFF0440009A5AC /* P4 */;
			productType = "com.apple.product-type.tool";
		};
		DB1497B327FFF04C0009A5AC /* P5 */ = {
			isa = PBXNativeTarget;
			buildConfigurationList = DB1497B827FFF04C0009A5AC /* Build configuration list for PBXNativeTarget "P5" */;
			buildPhases = (
				DB1497B027FFF04C0009A5AC /* Sources */,
				DB1497B127FFF04C0009A5AC /* Frameworks */,
				DB1497B227FFF04C0009A5AC /* CopyFiles */,
			);
			buildRules = (
			);
			dependencies = (
			);
			name = P5;
			productName = P5;
			productReference = DB1497B427FFF04C0009A5AC /* P5 */;
			productType = "com.apple.product-type.tool";
		};
		DBD8772927FFE89000FE0710 /* CSS221_Lab10_6322773837 */ = {
			isa = PBXNativeTarget;
			buildConfigurationList = DBD8773127FFE89000FE0710 /* Build configuration list for PBXNativeTarget "CSS221_Lab10_6322773837" */;
			buildPhases = (
				DBD8772627FFE89000FE0710 /* Sources */,
				DBD8772727FFE89000FE0710 /* Frameworks */,
				DBD8772827FFE89000FE0710 /* CopyFiles */,
			);
			buildRules = (
			);
			dependencies = (
			);
			name = CSS221_Lab10_6322773837;
			productName = CSS221_Lab10_6322773837;
			productReference = DBD8772A27FFE89000FE0710 /* CSS221_Lab10_6322773837 */;
			productType = "com.apple.product-type.tool";
		};
/* End PBXNativeTarget section */

/* Begin PBXProject section */
		DBD8772227FFE89000FE0710 /* Project object */ = {
			isa = PBXProject;
			attributes = {
				BuildIndependentTargetsInParallel = 1;
				LastUpgradeCheck = 1330;
				TargetAttributes = {
					DB14978727FFF01E0009A5AC = {
						CreatedOnToolsVersion = 13.3;
					};
					DB14979227FFF0240009A5AC = {
						CreatedOnToolsVersion = 13.3;
					};
					DB14979D27FFF0330009A5AC = {
						CreatedOnToolsVersion = 13.3;
					};
					DB1497A827FFF0440009A5AC = {
						CreatedOnToolsVersion = 13.3;
					};
					DB1497B327FFF04C0009A5AC = {
						CreatedOnToolsVersion = 13.3;
					};
					DBD8772927FFE89000FE0710 = {
						CreatedOnToolsVersion = 13.3;
					};
				};
			};
			buildConfigurationList = DBD8772527FFE89000FE0710 /* Build configuration list for PBXProject "CSS221_Lab10_6322773837" */;
			compatibilityVersion = "Xcode 13.0";
			developmentRegion = en;
			hasScannedForEncodings = 0;
			knownRegions = (
				en,
				Base,
			);
			mainGroup = DBD8772127FFE89000FE0710;
			productRefGroup = DBD8772B27FFE89000FE0710 /* Products */;
			projectDirPath = "";
			projectRoot = "";
			targets = (
				DBD8772927FFE89000FE0710 /* CSS221_Lab10_6322773837 */,
				DB14978727FFF01E0009A5AC /* P1 */,
				DB14979227FFF0240009A5AC /* P2 */,
				DB14979D27FFF0330009A5AC /* P3 */,
				DB1497A827FFF0440009A5AC /* P4 */,
				DB1497B327FFF04C0009A5AC /* P5 */,
			);
		};
/* End PBXProject section */

/* Begin PBXSourcesBuildPhase section */
		DB14978427FFF01E0009A5AC /* Sources */ = {
			isa = PBXSourcesBuildPhase;
			buildActionMask = 2147483647;
			files = (
				DB14978B27FFF01E0009A5AC /* main.cpp in Sources */,
			);
			runOnlyForDeploymentPostprocessing = 0;
		};
		DB14978F27FFF0240009A5AC /* Sources */ = {
			isa = PBXSourcesBuildPhase;
			buildActionMask = 2147483647;
			files = (
				DB14979627FFF0250009A5AC /* main.cpp in Sources */,
			);
			runOnlyForDeploymentPostprocessing = 0;
		};
		DB14979A27FFF0330009A5AC /* Sources */ = {
			isa = PBXSourcesBuildPhase;
			buildActionMask = 2147483647;
			files = (
				DB1497A127FFF0330009A5AC /* main.cpp in Sources */,
			);
			runOnlyForDeploymentPostprocessing = 0;
		};
		DB1497A527FFF0440009A5AC /* Sources */ = {
			isa = PBXSourcesBuildPhase;
			buildActionMask = 2147483647;
			files = (
				DB1497AC27FFF0440009A5AC /* main.cpp in Sources */,
			);
			runOnlyForDeploymentPostprocessing = 0;
		};
		DB1497B027FFF04C0009A5AC /* Sources */ = {
			isa = PBXSourcesBuildPhase;
			buildActionMask = 2147483647;
			files = (
				DB1497B727FFF04C0009A5AC /* main.cpp in Sources */,
			);
			runOnlyForDeploymentPostprocessing = 0;
		};
		DBD8772627FFE89000FE0710 /* Sources */ = {
			isa = PBXSourcesBuildPhase;
			buildActionMask = 2147483647;
			files = (
				DBD8772E27FFE89000FE0710 /* main.cpp in Sources */,
			);
			runOnlyForDeploymentPostprocessing = 0;
		};
/* End PBXSourcesBuildPhase section */

/* Begin XCBuildConfiguration section */
		DB14978C27FFF01E0009A5AC /* Debug */ = {
			isa = XCBuildConfiguration;
			buildSettings = {
				CODE_SIGN_STYLE = Automatic;
				DEVELOPMENT_TEAM = 4Q24QP74JN;
				ENABLE_HARDENED_RUNTIME = YES;
				PRODUCT_NAME = "$(TARGET_NAME)";
			};
			name = Debug;
		};
		DB14978D27FFF01E0009A5AC /* Release */ = {
			isa = XCBuildConfiguration;
			buildSettings = {
				CODE_SIGN_STYLE = Automatic;
				DEVELOPMENT_TEAM = 4Q24QP74JN;
				ENABLE_HARDENED_RUNTIME = YES;
				PRODUCT_NAME = "$(TARGET_NAME)";
			};
			name = Release;
		};
		DB14979827FFF0250009A5AC /* Debug */ = {
			isa = XCBuildConfiguration;
			buildSettings = {
				CODE_SIGN_STYLE = Automatic;
				DEVELOPMENT_TEAM = 4Q24QP74JN;
				ENABLE_HARDENED_RUNTIME = YES;
				PRODUCT_NAME = "$(TARGET_NAME)";
			};
			name = Debug;
		};
		DB14979927FFF0250009A5AC /* Release */ = {
			isa = XCBuildConfiguration;
			buildSettings = {
				CODE_SIGN_STYLE = Automatic;
				DEVELOPMENT_TEAM = 4Q24QP74JN;
				ENABLE_HARDENED_RUNTIME = YES;
				PRODUCT_NAME = "$(TARGET_NAME)";
			};
			name = Release;
		};
		DB1497A327FFF0330009A5AC /* Debug */ = {
			isa = XCBuildConfiguration;
			buildSettings = {
				CODE_SIGN_STYLE = Automatic;
				DEVELOPMENT_TEAM = 4Q24QP74JN;
				ENABLE_HARDENED_RUNTIME = YES;
				PRODUCT_NAME = "$(TARGET_NAME)";
			};
			name = Debug;
		};
		DB1497A427FFF0330009A5AC /* Release */ = {
			isa = XCBuildConfiguration;
			buildSettings = {
				CODE_SIGN_STYLE = Automatic;
				DEVELOPMENT_TEAM = 4Q24QP74JN;
				ENABLE_HARDENED_RUNTIME = YES;
				PRODUCT_NAME = "$(TARGET_NAME)";
			};
			name = Release;
		};
		DB1497AE27FFF0440009A5AC /* Debug */ = {
			isa = XCBuildConfiguration;
			buildSettings = {
				CODE_SIGN_STYLE = Automatic;
				DEVELOPMENT_TEAM = 4Q24QP74JN;
				ENABLE_HARDENED_RUNTIME = YES;
				PRODUCT_NAME = "$(TARGET_NAME)";
			};
			name = Debug;
		};
		DB1497AF27FFF0440009A5AC /* Release */ = {
			isa = XCBuildConfiguration;
			buildSettings = {
				CODE_SIGN_STYLE = Automatic;
				DEVELOPMENT_TEAM = 4Q24QP74JN;
				ENABLE_HARDENED_RUNTIME = YES;
				PRODUCT_NAME = "$(TARGET_NAME)";
			};
			name = Release;
		};
		DB1497B927FFF04C0009A5AC /* Debug */ = {
			isa = XCBuildConfiguration;
			buildSettings = {
				CODE_SIGN_STYLE = Automatic;
				DEVELOPMENT_TEAM = 4Q24QP74JN;
				ENABLE_HARDENED_RUNTIME = YES;
				PRODUCT_NAME = "$(TARGET_NAME)";
			};
			name = Debug;
		};
		DB1497BA27FFF04C0009A5AC /* Release */ = {
			isa = XCBuildConfiguration;
			buildSettings = {
				CODE_SIGN_STYLE = Automatic;
				DEVELOPMENT_TEAM = 4Q24QP74JN;
				ENABLE_HARDENED_RUNTIME = YES;
				PRODUCT_NAME = "$(TARGET_NAME)";
			};
			name = Release;
		};
		DBD8772F27FFE89000FE0710 /* Debug */ = {
			isa = XCBuildConfiguration;
			buildSettings = {
				ALWAYS_SEARCH_USER_PATHS = NO;
				CLANG_ANALYZER_NONNULL = YES;
				CLANG_ANALYZER_NUMBER_OBJECT_CONVERSION = YES_AGGRESSIVE;
				CLANG_CXX_LANGUAGE_STANDARD = "gnu++17";
				CLANG_ENABLE_MODULES = YES;
				CLANG_ENABLE_OBJC_ARC = YES;
				CLANG_ENABLE_OBJC_WEAK = YES;
				CLANG_WARN_BLOCK_CAPTURE_AUTORELEASING = YES;
				CLANG_WARN_BOOL_CONVERSION = YES;
				CLANG_WARN_COMMA = YES;
				CLANG_WARN_CONSTANT_CONVERSION = YES;
				CLANG_WARN_DEPRECATED_OBJC_IMPLEMENTATIONS = YES;
				CLANG_WARN_DIRECT_OBJC_ISA_USAGE = YES_ERROR;
				CLANG_WARN_DOCUMENTATION_COMMENTS = YES;
				CLANG_WARN_EMPTY_BODY = YES;
				CLANG_WARN_ENUM_CONVERSION = YES;
				CLANG_WARN_INFINITE_RECURSION = YES;
				CLANG_WARN_INT_CONVERSION = YES;
				CLANG_WARN_NON_LITERAL_NULL_CONVERSION = YES;
				CLANG_WARN_OBJC_IMPLICIT_RETAIN_SELF = YES;
				CLANG_WARN_OBJC_LITERAL_CONVERSION = YES;
				CLANG_WARN_OBJC_ROOT_CLASS = YES_ERROR;
				CLANG_WARN_QUOTED_INCLUDE_IN_FRAMEWORK_HEADER = YES;
				CLANG_WARN_RANGE_LOOP_ANALYSIS = YES;
				CLANG_WARN_STRICT_PROTOTYPES = YES;
				CLANG_WARN_SUSPICIOUS_MOVE = YES;
				CLANG_WARN_UNGUARDED_AVAILABILITY = YES_AGGRESSIVE;
				CLANG_WARN_UNREACHABLE_CODE = YES;
				CLANG_WARN__DUPLICATE_METHOD_MATCH = YES;
				COPY_PHASE_STRIP = NO;
				DEBUG_INFORMATION_FORMAT = dwarf;
				ENABLE_STRICT_OBJC_MSGSEND = YES;
				ENABLE_TESTABILITY = YES;
				GCC_C_LANGUAGE_STANDARD = gnu11;
				GCC_DYNAMIC_NO_PIC = NO;
				GCC_NO_COMMON_BLOCKS = YES;
				GCC_OPTIMIZATION_LEVEL = 0;
				GCC_PREPROCESSOR_DEFINITIONS = (
					"DEBUG=1",
					"$(inherited)",
				);
				GCC_WARN_64_TO_32_BIT_CONVERSION = YES;
				GCC_WARN_ABOUT_RETURN_TYPE = YES_ERROR;
				GCC_WARN_UNDECLARED_SELECTOR = YES;
				GCC_WARN_UNINITIALIZED_AUTOS = YES_AGGRESSIVE;
				GCC_WARN_UNUSED_FUNCTION = YES;
				GCC_WARN_UNUSED_VARIABLE = YES;
				MACOSX_DEPLOYMENT_TARGET = 12.3;
				MTL_ENABLE_DEBUG_INFO = INCLUDE_SOURCE;
				MTL_FAST_MATH = YES;
				ONLY_ACTIVE_ARCH = YES;
				SDKROOT = macosx;
			};
			name = Debug;
		};
		DBD8773027FFE89000FE0710 /* Release */ = {
			isa = XCBuildConfiguration;
			buildSettings = {
				ALWAYS_SEARCH_USER_PATHS = NO;
				CLANG_ANALYZER_NONNULL = YES;
				CLANG_ANALYZER_NUMBER_OBJECT_CONVERSION = YES_AGGRESSIVE;
				CLANG_CXX_LANGUAGE_STANDARD = "gnu++17";
				CLANG_ENABLE_MODULES = YES;
				CLANG_ENABLE_OBJC_ARC = YES;
				CLANG_ENABLE_OBJC_WEAK = YES;
				CLANG_WARN_BLOCK_CAPTURE_AUTORELEASING = YES;
				CLANG_WARN_BOOL_CONVERSION = YES;
				CLANG_WARN_COMMA = YES;
				CLANG_WARN_CONSTANT_CONVERSION = YES;
				CLANG_WARN_DEPRECATED_OBJC_IMPLEMENTATIONS = YES;
				CLANG_WARN_DIRECT_OBJC_ISA_USAGE = YES_ERROR;
				CLANG_WARN_DOCUMENTATION_COMMENTS = YES;
				CLANG_WARN_EMPTY_BODY = YES;
				CLANG_WARN_ENUM_CONVERSION = YES;
				CLANG_WARN_INFINITE_RECURSION = YES;
				CLANG_WARN_INT_CONVERSION = YES;
				CLANG_WARN_NON_LITERAL_NULL_CONVERSION = YES;
				CLANG_WARN_OBJC_IMPLICIT_RETAIN_SELF = YES;
				CLANG_WARN_OBJC_LITERAL_CONVERSION = YES;
				CLANG_WARN_OBJC_ROOT_CLASS = YES_ERROR;
				CLANG_WARN_QUOTED_INCLUDE_IN_FRAMEWORK_HEADER = YES;
				CLANG_WARN_RANGE_LOOP_ANALYSIS = YES;
				CLANG_WARN_STRICT_PROTOTYPES = YES;
				CLANG_WARN_SUSPICIOUS_MOVE = YES;
				CLANG_WARN_UNGUARDED_AVAILABILITY = YES_AGGRESSIVE;
				CLANG_WARN_UNREACHABLE_CODE = YES;
				CLANG_WARN__DUPLICATE_METHOD_MATCH = YES;
				COPY_PHASE_STRIP = NO;
				DEBUG_INFORMATION_FORMAT = "dwarf-with-dsym";
				ENABLE_NS_ASSERTIONS = NO;
				ENABLE_STRICT_OBJC_MSGSEND = YES;
				GCC_C_LANGUAGE_STANDARD = gnu11;
				GCC_NO_COMMON_BLOCKS = YES;
				GCC_WARN_64_TO_32_BIT_CONVERSION = YES;
				GCC_WARN_ABOUT_RETURN_TYPE = YES_ERROR;
				GCC_WARN_UNDECLARED_SELECTOR = YES;
				GCC_WARN_UNINITIALIZED_AUTOS = YES_AGGRESSIVE;
				GCC_WARN_UNUSED_FUNCTION = YES;
				GCC_WARN_UNUSED_VARIABLE = YES;
				MACOSX_DEPLOYMENT_TARGET = 12.3;
				MTL_ENABLE_DEBUG_INFO = NO;
				MTL_FAST_MATH = YES;
				SDKROOT = macosx;
			};
			name = Release;
		};
		DBD8773227FFE89000FE0710 /* Debug */ = {
			isa = XCBuildConfiguration;
			buildSettings = {
				CODE_SIGN_STYLE = Automatic;
				DEVELOPMENT_TEAM = 4Q24QP74JN;
				ENABLE_HARDENED_RUNTIME = YES;
				PRODUCT_NAME = "$(TARGET_NAME)";
			};
			name = Debug;
		};
		DBD8773327FFE89000FE0710 /* Release */ = {
			isa = XCBuildConfiguration;
			buildSettings = {
				CODE_SIGN_STYLE = Automatic;
				DEVELOPMENT_TEAM = 4Q24QP74JN;
				ENABLE_HARDENED_RUNTIME = YES;
				PRODUCT_NAME = "$(TARGET_NAME)";
			};
			name = Release;
		};
/* End XCBuildConfiguration section */

/* Begin XCConfigurationList section */
		DB14978E27FFF01E0009A5AC /* Build configuration list for PBXNativeTarget "P1" */ = {
			isa = XCConfigurationList;
			buildConfigurations = (
				DB14978C27FFF01E0009A5AC /* Debug */,
				DB14978D27FFF01E0009A5AC /* Release */,
			);
			defaultConfigurationIsVisible = 0;
			defaultConfigurationName = Release;
		};
		DB14979727FFF0250009A5AC /* Build configuration list for PBXNativeTarget "P2" */ = {
			isa = XCConfigurationList;
			buildConfigurations = (
				DB14979827FFF0250009A5AC /* Debug */,
				DB14979927FFF0250009A5AC /* Release */,
			);
			defaultConfigurationIsVisible = 0;
			defaultConfigurationName = Release;
		};
		DB1497A227FFF0330009A5AC /* Build configuration list for PBXNativeTarget "P3" */ = {
			isa = XCConfigurationList;
			buildConfigurations = (
				DB1497A327FFF0330009A5AC /* Debug */,
				DB1497A427FFF0330009A5AC /* Release */,
			);
			defaultConfigurationIsVisible = 0;
			defaultConfigurationName = Release;
		};
		DB1497AD27FFF0440009A5AC /* Build configuration list for PBXNativeTarget "P4" */ = {
			isa = XCConfigurationList;
			buildConfigurations = (
				DB1497AE27FFF0440009A5AC /* Debug */,
				DB1497AF27FFF0440009A5AC /* Release */,
			);
			defaultConfigurationIsVisible = 0;
			defaultConfigurationName = Release;
		};
		DB1497B827FFF04C0009A5AC /* Build configuration list for PBXNativeTarget "P5" */ = {
			isa = XCConfigurationList;
			buildConfigurations = (
				DB1497B927FFF04C0009A5AC /* Debug */,
				DB1497BA27FFF04C0009A5AC /* Release */,
			);
			defaultConfigurationIsVisible = 0;
			defaultConfigurationName = Release;
		};
		DBD8772527FFE89000FE0710 /* Build configuration list for PBXProject "CSS221_Lab10_6322773837" */ = {
			isa = XCConfigurationList;
			buildConfigurations = (
				DBD8772F27FFE89000FE0710 /* Debug */,
				DBD8773027FFE89000FE0710 /* Release */,
			);
			defaultConfigurationIsVisible = 0;
			defaultConfigurationName = Release;
		};
		DBD8773127FFE89000FE0710 /* Build configuration list for PBXNativeTarget "CSS221_Lab10_6322773837" */ = {
			isa = XCConfigurationList;
			buildConfigurations = (
				DBD8773227FFE89000FE0710 /* Debug */,
				DBD8773327FFE89000FE0710 /* Release */,
			);
			defaultConfigurationIsVisible = 0;
			defaultConfigurationName = Release;
		};
/* End XCConfigurationList section */
	};
	rootObject = DBD8772227FFE89000FE0710 /* Project object */;
}
